
Microsoft Visual Studio Solution File, Format Version 12.00
# Visual Studio Version 16
VisualStudioVersion = 16.0.30320.27
MinimumVisualStudioVersion = 10.0.40219.1
Project("{FAE04EC0-301F-11D3-BF4B-00C04F79EFBC}") = "NbtExplorer2", "NbtExplorer2\NbtExplorer2.csproj", "{15C9ED53-E930-4FF3-AD1C-D92769464CB7}"
EndProject
Project("{FAE04EC0-301F-11D3-BF4B-00C04F79EFBC}") = "fNbt", "fNbt\fNbt\fNbt.csproj", "{4488498D-976D-4DA3-BF72-109531AF0488}"
EndProject
Global
	GlobalSection(SolutionConfigurationPlatforms) = preSolution
		Debug|Any CPU = Debug|Any CPU
		Release|Any CPU = Release|Any CPU
	EndGlobalSection
	GlobalSection(ProjectConfigurationPlatforms) = postSolution
		{15C9ED53-E930-4FF3-AD1C-D92769464CB7}.Debug|Any CPU.ActiveCfg = Debug|Any CPU
		{15C9ED53-E930-4FF3-AD1C-D92769464CB7}.Debug|Any CPU.Build.0 = Debug|Any CPU
		{15C9ED53-E930-4FF3-AD1C-D92769464CB7}.Release|Any CPU.ActiveCfg = Release|Any CPU
		{15C9ED53-E930-4FF3-AD1C-D92769464CB7}.Release|Any CPU.Build.0 = Release|Any CPU
		{4488498D-976D-4DA3-BF72-109531AF0488}.Debug|Any CPU.ActiveCfg = Debug|Any CPU
		{4488498D-976D-4DA3-BF72-109531AF0488}.Debug|Any CPU.Build.0 = Debug|Any CPU
		{4488498D-976D-4DA3-BF72-109531AF0488}.Release|Any CPU.ActiveCfg = Release|Any CPU
		{4488498D-976D-4DA3-BF72-109531AF0488}.Release|Any CPU.Build.0 = Release|Any CPU
	EndGlobalSection
	GlobalSection(SolutionProperties) = preSolution
		HideSolutionNode = FALSE
	EndGlobalSection
	GlobalSection(ExtensibilityGlobals) = postSolution
		SolutionGuid = {4CCDFDC5-BDE0-4AC9-9725-E1F76DE90959}
	EndGlobalSection
EndGlobal
