
Microsoft Visual Studio Solution File, Format Version 12.00
# Visual Studio Version 16
VisualStudioVersion = 16.0.30320.27
MinimumVisualStudioVersion = 10.0.40219.1
Project("{9A19103F-16F7-4668-BE54-9A1E7A4F7556}") = "NbtStudio", "NbtStudio\NbtStudio.csproj", "{15C9ED53-E930-4FF3-AD1C-D92769464CB7}"
EndProject
Project("{9A19103F-16F7-4668-BE54-9A1E7A4F7556}") = "NbtStudioTests", "NbtStudioTests\NbtStudioTests.csproj", "{BEC093C5-83C4-484F-B630-4BFCA29CF01D}"
EndProject
Project("{9A19103F-16F7-4668-BE54-9A1E7A4F7556}") = "Aga.Controls", "TreeViewAdv\Aga.Controls.csproj", "{E73BB233-D88B-44A7-A98F-D71EE158381D}"
EndProject
Project("{9A19103F-16F7-4668-BE54-9A1E7A4F7556}") = "Be.Windows.Forms.HexBox", "HexBox\Be.Windows.Forms.HexBox.csproj", "{26C5F25F-B450-4CAF-AD8B-B8D11AE73457}"
EndProject
Project("{9A19103F-16F7-4668-BE54-9A1E7A4F7556}") = "TryashtarUtils.Forms", "utils.forms\TryashtarUtils.Forms.csproj", "{74AE63E7-DBEC-4FCA-A0A3-1D8F1E75F511}"
EndProject
Project("{9A19103F-16F7-4668-BE54-9A1E7A4F7556}") = "TryashtarUtils.Nbt", "utils.nbt\TryashtarUtils.Nbt.csproj", "{675B5C4A-849A-4E03-B97A-5FC27D47521D}"
EndProject
Project("{9A19103F-16F7-4668-BE54-9A1E7A4F7556}") = "TryashtarUtils.Utility", "utils.utility\TryashtarUtils.Utility.csproj", "{87D441E0-FDB4-4895-B0BA-C79A566E8C49}"
EndProject
Project("{9A19103F-16F7-4668-BE54-9A1E7A4F7556}") = "fNbt", "fNbt\fNbt\fNbt.csproj", "{EECA38FB-D7AB-4667-9C02-EB610DC8C7EE}"
EndProject
Global
	GlobalSection(SolutionConfigurationPlatforms) = preSolution
		Debug|Any CPU = Debug|Any CPU
		PublishNormal|Any CPU = PublishNormal|Any CPU
		PublishSuperStandalone|Any CPU = PublishSuperStandalone|Any CPU
		Release|Any CPU = Release|Any CPU
	EndGlobalSection
	GlobalSection(ProjectConfigurationPlatforms) = postSolution
		{15C9ED53-E930-4FF3-AD1C-D92769464CB7}.Debug|Any CPU.ActiveCfg = Debug|Any CPU
		{15C9ED53-E930-4FF3-AD1C-D92769464CB7}.Debug|Any CPU.Build.0 = Debug|Any CPU
		{15C9ED53-E930-4FF3-AD1C-D92769464CB7}.PublishNormal|Any CPU.ActiveCfg = PublishNormal|Any CPU
		{15C9ED53-E930-4FF3-AD1C-D92769464CB7}.PublishNormal|Any CPU.Build.0 = PublishNormal|Any CPU
		{15C9ED53-E930-4FF3-AD1C-D92769464CB7}.PublishSuperStandalone|Any CPU.ActiveCfg = PublishSuperStandalone|Any CPU
		{15C9ED53-E930-4FF3-AD1C-D92769464CB7}.PublishSuperStandalone|Any CPU.Build.0 = PublishSuperStandalone|Any CPU
		{15C9ED53-E930-4FF3-AD1C-D92769464CB7}.Release|Any CPU.ActiveCfg = Release|Any CPU
		{15C9ED53-E930-4FF3-AD1C-D92769464CB7}.Release|Any CPU.Build.0 = Release|Any CPU
		{BEC093C5-83C4-484F-B630-4BFCA29CF01D}.Debug|Any CPU.ActiveCfg = Debug|Any CPU
		{BEC093C5-83C4-484F-B630-4BFCA29CF01D}.Debug|Any CPU.Build.0 = Debug|Any CPU
		{BEC093C5-83C4-484F-B630-4BFCA29CF01D}.PublishNormal|Any CPU.ActiveCfg = Release|Any CPU
		{BEC093C5-83C4-484F-B630-4BFCA29CF01D}.PublishNormal|Any CPU.Build.0 = Release|Any CPU
		{BEC093C5-83C4-484F-B630-4BFCA29CF01D}.PublishSuperStandalone|Any CPU.ActiveCfg = Release|Any CPU
		{BEC093C5-83C4-484F-B630-4BFCA29CF01D}.PublishSuperStandalone|Any CPU.Build.0 = Release|Any CPU
		{BEC093C5-83C4-484F-B630-4BFCA29CF01D}.Release|Any CPU.ActiveCfg = Release|Any CPU
		{BEC093C5-83C4-484F-B630-4BFCA29CF01D}.Release|Any CPU.Build.0 = Release|Any CPU
		{E73BB233-D88B-44A7-A98F-D71EE158381D}.Debug|Any CPU.ActiveCfg = Debug|Any CPU
		{E73BB233-D88B-44A7-A98F-D71EE158381D}.Debug|Any CPU.Build.0 = Debug|Any CPU
		{E73BB233-D88B-44A7-A98F-D71EE158381D}.PublishNormal|Any CPU.ActiveCfg = Release|Any CPU
		{E73BB233-D88B-44A7-A98F-D71EE158381D}.PublishNormal|Any CPU.Build.0 = Release|Any CPU
		{E73BB233-D88B-44A7-A98F-D71EE158381D}.PublishSuperStandalone|Any CPU.ActiveCfg = Release|Any CPU
		{E73BB233-D88B-44A7-A98F-D71EE158381D}.PublishSuperStandalone|Any CPU.Build.0 = Release|Any CPU
		{E73BB233-D88B-44A7-A98F-D71EE158381D}.Release|Any CPU.ActiveCfg = Release|Any CPU
		{E73BB233-D88B-44A7-A98F-D71EE158381D}.Release|Any CPU.Build.0 = Release|Any CPU
		{26C5F25F-B450-4CAF-AD8B-B8D11AE73457}.Debug|Any CPU.ActiveCfg = Debug|Any CPU
		{26C5F25F-B450-4CAF-AD8B-B8D11AE73457}.Debug|Any CPU.Build.0 = Debug|Any CPU
		{26C5F25F-B450-4CAF-AD8B-B8D11AE73457}.PublishNormal|Any CPU.ActiveCfg = Release|Any CPU
		{26C5F25F-B450-4CAF-AD8B-B8D11AE73457}.PublishNormal|Any CPU.Build.0 = Release|Any CPU
		{26C5F25F-B450-4CAF-AD8B-B8D11AE73457}.PublishSuperStandalone|Any CPU.ActiveCfg = Release|Any CPU
		{26C5F25F-B450-4CAF-AD8B-B8D11AE73457}.PublishSuperStandalone|Any CPU.Build.0 = Release|Any CPU
		{26C5F25F-B450-4CAF-AD8B-B8D11AE73457}.Release|Any CPU.ActiveCfg = Release|Any CPU
		{26C5F25F-B450-4CAF-AD8B-B8D11AE73457}.Release|Any CPU.Build.0 = Release|Any CPU
		{74AE63E7-DBEC-4FCA-A0A3-1D8F1E75F511}.Debug|Any CPU.ActiveCfg = Debug|Any CPU
		{74AE63E7-DBEC-4FCA-A0A3-1D8F1E75F511}.Debug|Any CPU.Build.0 = Debug|Any CPU
		{74AE63E7-DBEC-4FCA-A0A3-1D8F1E75F511}.PublishNormal|Any CPU.ActiveCfg = Debug|Any CPU
		{74AE63E7-DBEC-4FCA-A0A3-1D8F1E75F511}.PublishNormal|Any CPU.Build.0 = Debug|Any CPU
		{74AE63E7-DBEC-4FCA-A0A3-1D8F1E75F511}.PublishSuperStandalone|Any CPU.ActiveCfg = Debug|Any CPU
		{74AE63E7-DBEC-4FCA-A0A3-1D8F1E75F511}.PublishSuperStandalone|Any CPU.Build.0 = Debug|Any CPU
		{74AE63E7-DBEC-4FCA-A0A3-1D8F1E75F511}.Release|Any CPU.ActiveCfg = Release|Any CPU
		{74AE63E7-DBEC-4FCA-A0A3-1D8F1E75F511}.Release|Any CPU.Build.0 = Release|Any CPU
		{675B5C4A-849A-4E03-B97A-5FC27D47521D}.Debug|Any CPU.ActiveCfg = Debug|Any CPU
		{675B5C4A-849A-4E03-B97A-5FC27D47521D}.Debug|Any CPU.Build.0 = Debug|Any CPU
		{675B5C4A-849A-4E03-B97A-5FC27D47521D}.PublishNormal|Any CPU.ActiveCfg = Debug|Any CPU
		{675B5C4A-849A-4E03-B97A-5FC27D47521D}.PublishNormal|Any CPU.Build.0 = Debug|Any CPU
		{675B5C4A-849A-4E03-B97A-5FC27D47521D}.PublishSuperStandalone|Any CPU.ActiveCfg = Debug|Any CPU
		{675B5C4A-849A-4E03-B97A-5FC27D47521D}.PublishSuperStandalone|Any CPU.Build.0 = Debug|Any CPU
		{675B5C4A-849A-4E03-B97A-5FC27D47521D}.Release|Any CPU.ActiveCfg = Release|Any CPU
		{675B5C4A-849A-4E03-B97A-5FC27D47521D}.Release|Any CPU.Build.0 = Release|Any CPU
		{87D441E0-FDB4-4895-B0BA-C79A566E8C49}.Debug|Any CPU.ActiveCfg = Debug|Any CPU
		{87D441E0-FDB4-4895-B0BA-C79A566E8C49}.Debug|Any CPU.Build.0 = Debug|Any CPU
		{87D441E0-FDB4-4895-B0BA-C79A566E8C49}.PublishNormal|Any CPU.ActiveCfg = Debug|Any CPU
		{87D441E0-FDB4-4895-B0BA-C79A566E8C49}.PublishNormal|Any CPU.Build.0 = Debug|Any CPU
		{87D441E0-FDB4-4895-B0BA-C79A566E8C49}.PublishSuperStandalone|Any CPU.ActiveCfg = Debug|Any CPU
		{87D441E0-FDB4-4895-B0BA-C79A566E8C49}.PublishSuperStandalone|Any CPU.Build.0 = Debug|Any CPU
		{87D441E0-FDB4-4895-B0BA-C79A566E8C49}.Release|Any CPU.ActiveCfg = Release|Any CPU
		{87D441E0-FDB4-4895-B0BA-C79A566E8C49}.Release|Any CPU.Build.0 = Release|Any CPU
		{EECA38FB-D7AB-4667-9C02-EB610DC8C7EE}.Debug|Any CPU.ActiveCfg = Debug|Any CPU
		{EECA38FB-D7AB-4667-9C02-EB610DC8C7EE}.Debug|Any CPU.Build.0 = Debug|Any CPU
		{EECA38FB-D7AB-4667-9C02-EB610DC8C7EE}.PublishNormal|Any CPU.ActiveCfg = Debug|Any CPU
		{EECA38FB-D7AB-4667-9C02-EB610DC8C7EE}.PublishNormal|Any CPU.Build.0 = Debug|Any CPU
		{EECA38FB-D7AB-4667-9C02-EB610DC8C7EE}.PublishSuperStandalone|Any CPU.ActiveCfg = Debug|Any CPU
		{EECA38FB-D7AB-4667-9C02-EB610DC8C7EE}.PublishSuperStandalone|Any CPU.Build.0 = Debug|Any CPU
		{EECA38FB-D7AB-4667-9C02-EB610DC8C7EE}.Release|Any CPU.ActiveCfg = Release|Any CPU
		{EECA38FB-D7AB-4667-9C02-EB610DC8C7EE}.Release|Any CPU.Build.0 = Release|Any CPU
	EndGlobalSection
	GlobalSection(SolutionProperties) = preSolution
		HideSolutionNode = FALSE
	EndGlobalSection
	GlobalSection(ExtensibilityGlobals) = postSolution
		SolutionGuid = {4CCDFDC5-BDE0-4AC9-9725-E1F76DE90959}
	EndGlobalSection
EndGlobal
