
Microsoft Visual Studio Solution File, Format Version 12.00
# Visual Studio Version 16
VisualStudioVersion = 16.0.30320.27
MinimumVisualStudioVersion = 10.0.40219.1
Project("{9A19103F-16F7-4668-BE54-9A1E7A4F7556}") = "NbtStudio", "NbtStudio\NbtStudio.csproj", "{15C9ED53-E930-4FF3-AD1C-D92769464CB7}"
EndProject
Project("{9A19103F-16F7-4668-BE54-9A1E7A4F7556}") = "NbtStudioTests", "NbtStudioTests\NbtStudioTests.csproj", "{BEC093C5-83C4-484F-B630-4BFCA29CF01D}"
EndProject
Project("{9A19103F-16F7-4668-BE54-9A1E7A4F7556}") = "Aga.Controls", "TreeViewAdv\Aga.Controls.csproj", "{E73BB233-D88B-44A7-A98F-D71EE158381D}"
EndProject
Project("{9A19103F-16F7-4668-BE54-9A1E7A4F7556}") = "Be.Windows.Forms.HexBox", "HexBox\Be.Windows.Forms.HexBox.csproj", "{26C5F25F-B450-4CAF-AD8B-B8D11AE73457}"
EndProject
Project("{9A19103F-16F7-4668-BE54-9A1E7A4F7556}") = "TryashtarUtils.Nbt", "utils\Nbt\TryashtarUtils.Nbt.csproj", "{936FC0BD-4A02-4EBD-AE2C-A74630F1C994}"
EndProject
Project("{9A19103F-16F7-4668-BE54-9A1E7A4F7556}") = "fNbt", "utils\fNbt\fNbt\fNbt.csproj", "{4488498D-976D-4DA3-BF72-109531AF0488}"
EndProject
Project("{9A19103F-16F7-4668-BE54-9A1E7A4F7556}") = "TryashtarUtils.Utility", "utils\Utility\TryashtarUtils.Utility.csproj", "{A1968331-0CCA-4B20-AE1C-588344638E24}"
EndProject
Project("{9A19103F-16F7-4668-BE54-9A1E7A4F7556}") = "TryashtarUtils.Forms", "utils\Forms\TryashtarUtils.Forms.csproj", "{CC2D335B-4625-4143-ADC0-B8A9FCE014FE}"
EndProject
Global
	GlobalSection(SolutionConfigurationPlatforms) = preSolution
		Debug|Any CPU = Debug|Any CPU
		PublishNormal|Any CPU = PublishNormal|Any CPU
		PublishSuperStandalone|Any CPU = PublishSuperStandalone|Any CPU
		Release|Any CPU = Release|Any CPU
	EndGlobalSection
	GlobalSection(ProjectConfigurationPlatforms) = postSolution
		{15C9ED53-E930-4FF3-AD1C-D92769464CB7}.Debug|Any CPU.ActiveCfg = Debug|Any CPU
		{15C9ED53-E930-4FF3-AD1C-D92769464CB7}.Debug|Any CPU.Build.0 = Debug|Any CPU
		{15C9ED53-E930-4FF3-AD1C-D92769464CB7}.PublishNormal|Any CPU.ActiveCfg = PublishNormal|Any CPU
		{15C9ED53-E930-4FF3-AD1C-D92769464CB7}.PublishNormal|Any CPU.Build.0 = PublishNormal|Any CPU
		{15C9ED53-E930-4FF3-AD1C-D92769464CB7}.PublishSuperStandalone|Any CPU.ActiveCfg = PublishSuperStandalone|Any CPU
		{15C9ED53-E930-4FF3-AD1C-D92769464CB7}.PublishSuperStandalone|Any CPU.Build.0 = PublishSuperStandalone|Any CPU
		{15C9ED53-E930-4FF3-AD1C-D92769464CB7}.Release|Any CPU.ActiveCfg = Release|Any CPU
		{15C9ED53-E930-4FF3-AD1C-D92769464CB7}.Release|Any CPU.Build.0 = Release|Any CPU
		{BEC093C5-83C4-484F-B630-4BFCA29CF01D}.Debug|Any CPU.ActiveCfg = Debug|Any CPU
		{BEC093C5-83C4-484F-B630-4BFCA29CF01D}.Debug|Any CPU.Build.0 = Debug|Any CPU
		{BEC093C5-83C4-484F-B630-4BFCA29CF01D}.PublishNormal|Any CPU.ActiveCfg = PublishNormal|Any CPU
		{BEC093C5-83C4-484F-B630-4BFCA29CF01D}.PublishNormal|Any CPU.Build.0 = PublishNormal|Any CPU
		{BEC093C5-83C4-484F-B630-4BFCA29CF01D}.PublishSuperStandalone|Any CPU.ActiveCfg = PublishSuperStandalone|Any CPU
		{BEC093C5-83C4-484F-B630-4BFCA29CF01D}.PublishSuperStandalone|Any CPU.Build.0 = PublishSuperStandalone|Any CPU
		{BEC093C5-83C4-484F-B630-4BFCA29CF01D}.Release|Any CPU.ActiveCfg = Release|Any CPU
		{BEC093C5-83C4-484F-B630-4BFCA29CF01D}.Release|Any CPU.Build.0 = Release|Any CPU
		{E73BB233-D88B-44A7-A98F-D71EE158381D}.Debug|Any CPU.ActiveCfg = Debug|Any CPU
		{E73BB233-D88B-44A7-A98F-D71EE158381D}.Debug|Any CPU.Build.0 = Debug|Any CPU
		{E73BB233-D88B-44A7-A98F-D71EE158381D}.PublishNormal|Any CPU.ActiveCfg = PublishNormal|Any CPU
		{E73BB233-D88B-44A7-A98F-D71EE158381D}.PublishNormal|Any CPU.Build.0 = PublishNormal|Any CPU
		{E73BB233-D88B-44A7-A98F-D71EE158381D}.PublishSuperStandalone|Any CPU.ActiveCfg = PublishSuperStandalone|Any CPU
		{E73BB233-D88B-44A7-A98F-D71EE158381D}.PublishSuperStandalone|Any CPU.Build.0 = PublishSuperStandalone|Any CPU
		{E73BB233-D88B-44A7-A98F-D71EE158381D}.Release|Any CPU.ActiveCfg = Release|Any CPU
		{E73BB233-D88B-44A7-A98F-D71EE158381D}.Release|Any CPU.Build.0 = Release|Any CPU
		{26C5F25F-B450-4CAF-AD8B-B8D11AE73457}.Debug|Any CPU.ActiveCfg = Debug|Any CPU
		{26C5F25F-B450-4CAF-AD8B-B8D11AE73457}.Debug|Any CPU.Build.0 = Debug|Any CPU
		{26C5F25F-B450-4CAF-AD8B-B8D11AE73457}.PublishNormal|Any CPU.ActiveCfg = PublishNormal|Any CPU
		{26C5F25F-B450-4CAF-AD8B-B8D11AE73457}.PublishNormal|Any CPU.Build.0 = PublishNormal|Any CPU
		{26C5F25F-B450-4CAF-AD8B-B8D11AE73457}.PublishSuperStandalone|Any CPU.ActiveCfg = PublishSuperStandalone|Any CPU
		{26C5F25F-B450-4CAF-AD8B-B8D11AE73457}.PublishSuperStandalone|Any CPU.Build.0 = PublishSuperStandalone|Any CPU
		{26C5F25F-B450-4CAF-AD8B-B8D11AE73457}.Release|Any CPU.ActiveCfg = Release|Any CPU
		{26C5F25F-B450-4CAF-AD8B-B8D11AE73457}.Release|Any CPU.Build.0 = Release|Any CPU
		{936FC0BD-4A02-4EBD-AE2C-A74630F1C994}.Debug|Any CPU.ActiveCfg = Debug|Any CPU
		{936FC0BD-4A02-4EBD-AE2C-A74630F1C994}.Debug|Any CPU.Build.0 = Debug|Any CPU
		{936FC0BD-4A02-4EBD-AE2C-A74630F1C994}.PublishNormal|Any CPU.ActiveCfg = PublishNormal|Any CPU
		{936FC0BD-4A02-4EBD-AE2C-A74630F1C994}.PublishNormal|Any CPU.Build.0 = PublishNormal|Any CPU
		{936FC0BD-4A02-4EBD-AE2C-A74630F1C994}.PublishSuperStandalone|Any CPU.ActiveCfg = PublishSuperStandalone|Any CPU
		{936FC0BD-4A02-4EBD-AE2C-A74630F1C994}.PublishSuperStandalone|Any CPU.Build.0 = PublishSuperStandalone|Any CPU
		{936FC0BD-4A02-4EBD-AE2C-A74630F1C994}.Release|Any CPU.ActiveCfg = Release|Any CPU
		{936FC0BD-4A02-4EBD-AE2C-A74630F1C994}.Release|Any CPU.Build.0 = Release|Any CPU
		{4488498D-976D-4DA3-BF72-109531AF0488}.Debug|Any CPU.ActiveCfg = Debug|Any CPU
		{4488498D-976D-4DA3-BF72-109531AF0488}.Debug|Any CPU.Build.0 = Debug|Any CPU
		{4488498D-976D-4DA3-BF72-109531AF0488}.PublishNormal|Any CPU.ActiveCfg = PublishNormal|Any CPU
		{4488498D-976D-4DA3-BF72-109531AF0488}.PublishNormal|Any CPU.Build.0 = PublishNormal|Any CPU
		{4488498D-976D-4DA3-BF72-109531AF0488}.PublishSuperStandalone|Any CPU.ActiveCfg = PublishSuperStandalone|Any CPU
		{4488498D-976D-4DA3-BF72-109531AF0488}.PublishSuperStandalone|Any CPU.Build.0 = PublishSuperStandalone|Any CPU
		{4488498D-976D-4DA3-BF72-109531AF0488}.Release|Any CPU.ActiveCfg = Release|Any CPU
		{4488498D-976D-4DA3-BF72-109531AF0488}.Release|Any CPU.Build.0 = Release|Any CPU
		{A1968331-0CCA-4B20-AE1C-588344638E24}.Debug|Any CPU.ActiveCfg = Debug|Any CPU
		{A1968331-0CCA-4B20-AE1C-588344638E24}.Debug|Any CPU.Build.0 = Debug|Any CPU
		{A1968331-0CCA-4B20-AE1C-588344638E24}.PublishNormal|Any CPU.ActiveCfg = PublishNormal|Any CPU
		{A1968331-0CCA-4B20-AE1C-588344638E24}.PublishNormal|Any CPU.Build.0 = PublishNormal|Any CPU
		{A1968331-0CCA-4B20-AE1C-588344638E24}.PublishSuperStandalone|Any CPU.ActiveCfg = PublishSuperStandalone|Any CPU
		{A1968331-0CCA-4B20-AE1C-588344638E24}.PublishSuperStandalone|Any CPU.Build.0 = PublishSuperStandalone|Any CPU
		{A1968331-0CCA-4B20-AE1C-588344638E24}.Release|Any CPU.ActiveCfg = Release|Any CPU
		{A1968331-0CCA-4B20-AE1C-588344638E24}.Release|Any CPU.Build.0 = Release|Any CPU
		{CC2D335B-4625-4143-ADC0-B8A9FCE014FE}.Debug|Any CPU.ActiveCfg = Debug|Any CPU
		{CC2D335B-4625-4143-ADC0-B8A9FCE014FE}.Debug|Any CPU.Build.0 = Debug|Any CPU
		{CC2D335B-4625-4143-ADC0-B8A9FCE014FE}.PublishNormal|Any CPU.ActiveCfg = PublishNormal|Any CPU
		{CC2D335B-4625-4143-ADC0-B8A9FCE014FE}.PublishNormal|Any CPU.Build.0 = PublishNormal|Any CPU
		{CC2D335B-4625-4143-ADC0-B8A9FCE014FE}.PublishSuperStandalone|Any CPU.ActiveCfg = PublishSuperStandalone|Any CPU
		{CC2D335B-4625-4143-ADC0-B8A9FCE014FE}.PublishSuperStandalone|Any CPU.Build.0 = PublishSuperStandalone|Any CPU
		{CC2D335B-4625-4143-ADC0-B8A9FCE014FE}.Release|Any CPU.ActiveCfg = Release|Any CPU
		{CC2D335B-4625-4143-ADC0-B8A9FCE014FE}.Release|Any CPU.Build.0 = Release|Any CPU
	EndGlobalSection
	GlobalSection(SolutionProperties) = preSolution
		HideSolutionNode = FALSE
	EndGlobalSection
	GlobalSection(ExtensibilityGlobals) = postSolution
		SolutionGuid = {4CCDFDC5-BDE0-4AC9-9725-E1F76DE90959}
	EndGlobalSection
EndGlobal
