
Microsoft Visual Studio Solution File, Format Version 12.00
# Visual Studio Version 16
VisualStudioVersion = 16.0.30320.27
MinimumVisualStudioVersion = 10.0.40219.1
Project("{9A19103F-16F7-4668-BE54-9A1E7A4F7556}") = "NbtStudio", "NbtStudio\NbtStudio.csproj", "{15C9ED53-E930-4FF3-AD1C-D92769464CB7}"
EndProject
Project("{9A19103F-16F7-4668-BE54-9A1E7A4F7556}") = "NbtStudioTests", "NbtStudioTests\NbtStudioTests.csproj", "{BEC093C5-83C4-484F-B630-4BFCA29CF01D}"
EndProject
Project("{9A19103F-16F7-4668-BE54-9A1E7A4F7556}") = "fNbt", "fNbt\fNbt\fNbt.csproj", "{C328E78F-9192-499F-B35A-B07C877EA96C}"
EndProject
Project("{9A19103F-16F7-4668-BE54-9A1E7A4F7556}") = "TryashtarUtils.Forms", "utils.forms\TryashtarUtils.Forms.csproj", "{F4CC31D3-5683-4C22-9EB4-0CFF21A0D930}"
EndProject
Project("{9A19103F-16F7-4668-BE54-9A1E7A4F7556}") = "TryashtarUtils.Nbt", "utils.nbt\TryashtarUtils.Nbt.csproj", "{834163BD-A6F1-4E7A-BDE7-1C700B0D8E77}"
EndProject
Project("{9A19103F-16F7-4668-BE54-9A1E7A4F7556}") = "TryashtarUtils.Utility", "utils.utility\TryashtarUtils.Utility.csproj", "{DC3FE3A0-6EAC-4DF9-A065-12E2D2EF2EE1}"
EndProject
Project("{9A19103F-16F7-4668-BE54-9A1E7A4F7556}") = "Be.Windows.Forms.HexBox", "HexBox\Be.Windows.Forms.HexBox.csproj", "{01F103E7-3627-463F-9831-7C1A443E2C00}"
EndProject
Project("{9A19103F-16F7-4668-BE54-9A1E7A4F7556}") = "Aga.Controls", "TreeViewAdv\Aga.Controls.csproj", "{64977497-6A67-43A0-838B-B5B092202F48}"
EndProject
Global
	GlobalSection(SolutionConfigurationPlatforms) = preSolution
		Debug|Any CPU = Debug|Any CPU
		PublishNormal|Any CPU = PublishNormal|Any CPU
		PublishSuperStandalone|Any CPU = PublishSuperStandalone|Any CPU
		Release|Any CPU = Release|Any CPU
	EndGlobalSection
	GlobalSection(ProjectConfigurationPlatforms) = postSolution
		{15C9ED53-E930-4FF3-AD1C-D92769464CB7}.Debug|Any CPU.ActiveCfg = Debug|Any CPU
		{15C9ED53-E930-4FF3-AD1C-D92769464CB7}.Debug|Any CPU.Build.0 = Debug|Any CPU
		{15C9ED53-E930-4FF3-AD1C-D92769464CB7}.PublishNormal|Any CPU.ActiveCfg = PublishNormal|Any CPU
		{15C9ED53-E930-4FF3-AD1C-D92769464CB7}.PublishNormal|Any CPU.Build.0 = PublishNormal|Any CPU
		{15C9ED53-E930-4FF3-AD1C-D92769464CB7}.PublishSuperStandalone|Any CPU.ActiveCfg = PublishSuperStandalone|Any CPU
		{15C9ED53-E930-4FF3-AD1C-D92769464CB7}.PublishSuperStandalone|Any CPU.Build.0 = PublishSuperStandalone|Any CPU
		{15C9ED53-E930-4FF3-AD1C-D92769464CB7}.Release|Any CPU.ActiveCfg = Release|Any CPU
		{15C9ED53-E930-4FF3-AD1C-D92769464CB7}.Release|Any CPU.Build.0 = Release|Any CPU
		{BEC093C5-83C4-484F-B630-4BFCA29CF01D}.Debug|Any CPU.ActiveCfg = Debug|Any CPU
		{BEC093C5-83C4-484F-B630-4BFCA29CF01D}.Debug|Any CPU.Build.0 = Debug|Any CPU
		{BEC093C5-83C4-484F-B630-4BFCA29CF01D}.PublishNormal|Any CPU.ActiveCfg = Release|Any CPU
		{BEC093C5-83C4-484F-B630-4BFCA29CF01D}.PublishNormal|Any CPU.Build.0 = Release|Any CPU
		{BEC093C5-83C4-484F-B630-4BFCA29CF01D}.PublishSuperStandalone|Any CPU.ActiveCfg = Release|Any CPU
		{BEC093C5-83C4-484F-B630-4BFCA29CF01D}.PublishSuperStandalone|Any CPU.Build.0 = Release|Any CPU
		{BEC093C5-83C4-484F-B630-4BFCA29CF01D}.Release|Any CPU.ActiveCfg = Release|Any CPU
		{BEC093C5-83C4-484F-B630-4BFCA29CF01D}.Release|Any CPU.Build.0 = Release|Any CPU
		{C328E78F-9192-499F-B35A-B07C877EA96C}.Debug|Any CPU.ActiveCfg = Debug|Any CPU
		{C328E78F-9192-499F-B35A-B07C877EA96C}.Debug|Any CPU.Build.0 = Debug|Any CPU
		{C328E78F-9192-499F-B35A-B07C877EA96C}.PublishNormal|Any CPU.ActiveCfg = Debug|Any CPU
		{C328E78F-9192-499F-B35A-B07C877EA96C}.PublishNormal|Any CPU.Build.0 = Debug|Any CPU
		{C328E78F-9192-499F-B35A-B07C877EA96C}.PublishSuperStandalone|Any CPU.ActiveCfg = Debug|Any CPU
		{C328E78F-9192-499F-B35A-B07C877EA96C}.PublishSuperStandalone|Any CPU.Build.0 = Debug|Any CPU
		{C328E78F-9192-499F-B35A-B07C877EA96C}.Release|Any CPU.ActiveCfg = Release|Any CPU
		{C328E78F-9192-499F-B35A-B07C877EA96C}.Release|Any CPU.Build.0 = Release|Any CPU
		{F4CC31D3-5683-4C22-9EB4-0CFF21A0D930}.Debug|Any CPU.ActiveCfg = Debug|Any CPU
		{F4CC31D3-5683-4C22-9EB4-0CFF21A0D930}.Debug|Any CPU.Build.0 = Debug|Any CPU
		{F4CC31D3-5683-4C22-9EB4-0CFF21A0D930}.PublishNormal|Any CPU.ActiveCfg = Debug|Any CPU
		{F4CC31D3-5683-4C22-9EB4-0CFF21A0D930}.PublishNormal|Any CPU.Build.0 = Debug|Any CPU
		{F4CC31D3-5683-4C22-9EB4-0CFF21A0D930}.PublishSuperStandalone|Any CPU.ActiveCfg = Debug|Any CPU
		{F4CC31D3-5683-4C22-9EB4-0CFF21A0D930}.PublishSuperStandalone|Any CPU.Build.0 = Debug|Any CPU
		{F4CC31D3-5683-4C22-9EB4-0CFF21A0D930}.Release|Any CPU.ActiveCfg = Release|Any CPU
		{F4CC31D3-5683-4C22-9EB4-0CFF21A0D930}.Release|Any CPU.Build.0 = Release|Any CPU
		{834163BD-A6F1-4E7A-BDE7-1C700B0D8E77}.Debug|Any CPU.ActiveCfg = Debug|Any CPU
		{834163BD-A6F1-4E7A-BDE7-1C700B0D8E77}.Debug|Any CPU.Build.0 = Debug|Any CPU
		{834163BD-A6F1-4E7A-BDE7-1C700B0D8E77}.PublishNormal|Any CPU.ActiveCfg = Debug|Any CPU
		{834163BD-A6F1-4E7A-BDE7-1C700B0D8E77}.PublishNormal|Any CPU.Build.0 = Debug|Any CPU
		{834163BD-A6F1-4E7A-BDE7-1C700B0D8E77}.PublishSuperStandalone|Any CPU.ActiveCfg = Debug|Any CPU
		{834163BD-A6F1-4E7A-BDE7-1C700B0D8E77}.PublishSuperStandalone|Any CPU.Build.0 = Debug|Any CPU
		{834163BD-A6F1-4E7A-BDE7-1C700B0D8E77}.Release|Any CPU.ActiveCfg = Release|Any CPU
		{834163BD-A6F1-4E7A-BDE7-1C700B0D8E77}.Release|Any CPU.Build.0 = Release|Any CPU
		{DC3FE3A0-6EAC-4DF9-A065-12E2D2EF2EE1}.Debug|Any CPU.ActiveCfg = Debug|Any CPU
		{DC3FE3A0-6EAC-4DF9-A065-12E2D2EF2EE1}.Debug|Any CPU.Build.0 = Debug|Any CPU
		{DC3FE3A0-6EAC-4DF9-A065-12E2D2EF2EE1}.PublishNormal|Any CPU.ActiveCfg = Debug|Any CPU
		{DC3FE3A0-6EAC-4DF9-A065-12E2D2EF2EE1}.PublishNormal|Any CPU.Build.0 = Debug|Any CPU
		{DC3FE3A0-6EAC-4DF9-A065-12E2D2EF2EE1}.PublishSuperStandalone|Any CPU.ActiveCfg = Debug|Any CPU
		{DC3FE3A0-6EAC-4DF9-A065-12E2D2EF2EE1}.PublishSuperStandalone|Any CPU.Build.0 = Debug|Any CPU
		{DC3FE3A0-6EAC-4DF9-A065-12E2D2EF2EE1}.Release|Any CPU.ActiveCfg = Release|Any CPU
		{DC3FE3A0-6EAC-4DF9-A065-12E2D2EF2EE1}.Release|Any CPU.Build.0 = Release|Any CPU
		{01F103E7-3627-463F-9831-7C1A443E2C00}.Debug|Any CPU.ActiveCfg = Debug|Any CPU
		{01F103E7-3627-463F-9831-7C1A443E2C00}.Debug|Any CPU.Build.0 = Debug|Any CPU
		{01F103E7-3627-463F-9831-7C1A443E2C00}.PublishNormal|Any CPU.ActiveCfg = Debug|Any CPU
		{01F103E7-3627-463F-9831-7C1A443E2C00}.PublishNormal|Any CPU.Build.0 = Debug|Any CPU
		{01F103E7-3627-463F-9831-7C1A443E2C00}.PublishSuperStandalone|Any CPU.ActiveCfg = Debug|Any CPU
		{01F103E7-3627-463F-9831-7C1A443E2C00}.PublishSuperStandalone|Any CPU.Build.0 = Debug|Any CPU
		{01F103E7-3627-463F-9831-7C1A443E2C00}.Release|Any CPU.ActiveCfg = Release|Any CPU
		{01F103E7-3627-463F-9831-7C1A443E2C00}.Release|Any CPU.Build.0 = Release|Any CPU
		{64977497-6A67-43A0-838B-B5B092202F48}.Debug|Any CPU.ActiveCfg = Debug|Any CPU
		{64977497-6A67-43A0-838B-B5B092202F48}.Debug|Any CPU.Build.0 = Debug|Any CPU
		{64977497-6A67-43A0-838B-B5B092202F48}.PublishNormal|Any CPU.ActiveCfg = Debug|Any CPU
		{64977497-6A67-43A0-838B-B5B092202F48}.PublishNormal|Any CPU.Build.0 = Debug|Any CPU
		{64977497-6A67-43A0-838B-B5B092202F48}.PublishSuperStandalone|Any CPU.ActiveCfg = Debug|Any CPU
		{64977497-6A67-43A0-838B-B5B092202F48}.PublishSuperStandalone|Any CPU.Build.0 = Debug|Any CPU
		{64977497-6A67-43A0-838B-B5B092202F48}.Release|Any CPU.ActiveCfg = Release|Any CPU
		{64977497-6A67-43A0-838B-B5B092202F48}.Release|Any CPU.Build.0 = Release|Any CPU
	EndGlobalSection
	GlobalSection(SolutionProperties) = preSolution
		HideSolutionNode = FALSE
	EndGlobalSection
	GlobalSection(ExtensibilityGlobals) = postSolution
		SolutionGuid = {4CCDFDC5-BDE0-4AC9-9725-E1F76DE90959}
	EndGlobalSection
EndGlobal
